// !$*UTF8*$!
{
	archiveVersion = 1;
	classes = {
	};
	objectVersion = 56;
	objects = {

/* Begin PBXBuildFile section */
		310964462A18B0CF00F87BF4 /* AppDelegate.swift in Sources */ = {isa = PBXBuildFile; fileRef = 310964452A18B0CF00F87BF4 /* AppDelegate.swift */; };
		3109644A2A18B0CF00F87BF4 /* LoginViewController.swift in Sources */ = {isa = PBXBuildFile; fileRef = 310964492A18B0CF00F87BF4 /* LoginViewController.swift */; };
		3109644F2A18B0D000F87BF4 /* Assets.xcassets in Resources */ = {isa = PBXBuildFile; fileRef = 3109644E2A18B0D000F87BF4 /* Assets.xcassets */; };
		310964522A18B0D000F87BF4 /* LaunchScreen.storyboard in Resources */ = {isa = PBXBuildFile; fileRef = 310964502A18B0D000F87BF4 /* LaunchScreen.storyboard */; };
		3109645C2A18C77800F87BF4 /* LoginView.swift in Sources */ = {isa = PBXBuildFile; fileRef = 3109645B2A18C77800F87BF4 /* LoginView.swift */; };
		310CA4352A310F6D00CF5603 /* MainViewController.swift in Sources */ = {isa = PBXBuildFile; fileRef = 310CA4342A310F6D00CF5603 /* MainViewController.swift */; };
		317FDB962A3333C200BB3918 /* AccountSummaryViewController.swift in Sources */ = {isa = PBXBuildFile; fileRef = 317FDB952A3333C200BB3918 /* AccountSummaryViewController.swift */; };
		31AB90462A2C9B8100420BB8 /* DummyViewController.swift in Sources */ = {isa = PBXBuildFile; fileRef = 31AB90452A2C9B8100420BB8 /* DummyViewController.swift */; };
		31AB90492A2CB96300420BB8 /* LocalState.swift in Sources */ = {isa = PBXBuildFile; fileRef = 31AB90482A2CB96300420BB8 /* LocalState.swift */; };
		31ADA8312A291D6000F05339 /* OnboardingContainerViewController.swift in Sources */ = {isa = PBXBuildFile; fileRef = 31ADA8302A291D6000F05339 /* OnboardingContainerViewController.swift */; };
		31ADA8332A2929F800F05339 /* OnboardingViewController.swift in Sources */ = {isa = PBXBuildFile; fileRef = 31ADA8322A2929F800F05339 /* OnboardingViewController.swift */; };
		31FD57FE2A3109D000EE3AEE /* UIViewController+Utils.swift in Sources */ = {isa = PBXBuildFile; fileRef = 31FD57FD2A3109D000EE3AEE /* UIViewController+Utils.swift */; };
/* End PBXBuildFile section */

/* Begin PBXFileReference section */
		310964422A18B0CF00F87BF4 /* London.app */ = {isa = PBXFileReference; explicitFileType = wrapper.application; includeInIndex = 0; path = London.app; sourceTree = BUILT_PRODUCTS_DIR; };
		310964452A18B0CF00F87BF4 /* AppDelegate.swift */ = {isa = PBXFileReference; lastKnownFileType = sourcecode.swift; path = AppDelegate.swift; sourceTree = "<group>"; };
		310964492A18B0CF00F87BF4 /* LoginViewController.swift */ = {isa = PBXFileReference; lastKnownFileType = sourcecode.swift; path = LoginViewController.swift; sourceTree = "<group>"; };
		3109644E2A18B0D000F87BF4 /* Assets.xcassets */ = {isa = PBXFileReference; lastKnownFileType = folder.assetcatalog; path = Assets.xcassets; sourceTree = "<group>"; };
		310964512A18B0D000F87BF4 /* Base */ = {isa = PBXFileReference; lastKnownFileType = file.storyboard; name = Base; path = Base.lproj/LaunchScreen.storyboard; sourceTree = "<group>"; };
		310964532A18B0D000F87BF4 /* Info.plist */ = {isa = PBXFileReference; lastKnownFileType = text.plist.xml; path = Info.plist; sourceTree = "<group>"; };
		3109645B2A18C77800F87BF4 /* LoginView.swift */ = {isa = PBXFileReference; lastKnownFileType = sourcecode.swift; path = LoginView.swift; sourceTree = "<group>"; };
		310CA4342A310F6D00CF5603 /* MainViewController.swift */ = {isa = PBXFileReference; lastKnownFileType = sourcecode.swift; path = MainViewController.swift; sourceTree = "<group>"; };
		317FDB952A3333C200BB3918 /* AccountSummaryViewController.swift */ = {isa = PBXFileReference; lastKnownFileType = sourcecode.swift; path = AccountSummaryViewController.swift; sourceTree = "<group>"; };
		31AB90452A2C9B8100420BB8 /* DummyViewController.swift */ = {isa = PBXFileReference; lastKnownFileType = sourcecode.swift; path = DummyViewController.swift; sourceTree = "<group>"; };
		31AB90482A2CB96300420BB8 /* LocalState.swift */ = {isa = PBXFileReference; lastKnownFileType = sourcecode.swift; path = LocalState.swift; sourceTree = "<group>"; };
		31ADA8302A291D6000F05339 /* OnboardingContainerViewController.swift */ = {isa = PBXFileReference; lastKnownFileType = sourcecode.swift; path = OnboardingContainerViewController.swift; sourceTree = "<group>"; };
		31ADA8322A2929F800F05339 /* OnboardingViewController.swift */ = {isa = PBXFileReference; lastKnownFileType = sourcecode.swift; path = OnboardingViewController.swift; sourceTree = "<group>"; };
		31FD57FD2A3109D000EE3AEE /* UIViewController+Utils.swift */ = {isa = PBXFileReference; lastKnownFileType = sourcecode.swift; path = "UIViewController+Utils.swift"; sourceTree = "<group>"; };
/* End PBXFileReference section */

/* Begin PBXFrameworksBuildPhase section */
		3109643F2A18B0CF00F87BF4 /* Frameworks */ = {
			isa = PBXFrameworksBuildPhase;
			buildActionMask = 2147483647;
			files = (
			);
			runOnlyForDeploymentPostprocessing = 0;
		};
/* End PBXFrameworksBuildPhase section */

/* Begin PBXGroup section */
		310964392A18B0CF00F87BF4 = {
			isa = PBXGroup;
			children = (
				310964442A18B0CF00F87BF4 /* London */,
				310964432A18B0CF00F87BF4 /* Products */,
			);
			sourceTree = "<group>";
		};
		310964432A18B0CF00F87BF4 /* Products */ = {
			isa = PBXGroup;
			children = (
				310964422A18B0CF00F87BF4 /* London.app */,
			);
			name = Products;
			sourceTree = "<group>";
		};
		310964442A18B0CF00F87BF4 /* London */ = {
			isa = PBXGroup;
			children = (
				317FDB942A33339200BB3918 /* AccountSummary */,
				310964452A18B0CF00F87BF4 /* AppDelegate.swift */,
				310CA4342A310F6D00CF5603 /* MainViewController.swift */,
				3109645A2A18C72500F87BF4 /* Login */,
				31ADA82F2A291D1000F05339 /* Onboarding */,
				31AB90472A2CB94E00420BB8 /* Utils */,
				310964592A18C6B000F87BF4 /* Files */,
			);
			path = London;
			sourceTree = "<group>";
		};
		310964592A18C6B000F87BF4 /* Files */ = {
			isa = PBXGroup;
			children = (
				3109644E2A18B0D000F87BF4 /* Assets.xcassets */,
				310964502A18B0D000F87BF4 /* LaunchScreen.storyboard */,
				310964532A18B0D000F87BF4 /* Info.plist */,
			);
			name = Files;
			sourceTree = "<group>";
		};
		3109645A2A18C72500F87BF4 /* Login */ = {
			isa = PBXGroup;
			children = (
				31AB90452A2C9B8100420BB8 /* DummyViewController.swift */,
				310964492A18B0CF00F87BF4 /* LoginViewController.swift */,
				3109645B2A18C77800F87BF4 /* LoginView.swift */,
			);
			path = Login;
			sourceTree = "<group>";
		};
		317FDB942A33339200BB3918 /* AccountSummary */ = {
			isa = PBXGroup;
			children = (
				317FDB952A3333C200BB3918 /* AccountSummaryViewController.swift */,
			);
			path = AccountSummary;
			sourceTree = "<group>";
		};
		31AB90472A2CB94E00420BB8 /* Utils */ = {
			isa = PBXGroup;
			children = (
				31AB90482A2CB96300420BB8 /* LocalState.swift */,
				31FD57FD2A3109D000EE3AEE /* UIViewController+Utils.swift */,
			);
			path = Utils;
			sourceTree = "<group>";
		};
		31ADA82F2A291D1000F05339 /* Onboarding */ = {
			isa = PBXGroup;
			children = (
				31ADA8302A291D6000F05339 /* OnboardingContainerViewController.swift */,
				31ADA8322A2929F800F05339 /* OnboardingViewController.swift */,
			);
			path = Onboarding;
			sourceTree = "<group>";
		};
/* End PBXGroup section */

/* Begin PBXNativeTarget section */
		310964412A18B0CF00F87BF4 /* London */ = {
			isa = PBXNativeTarget;
			buildConfigurationList = 310964562A18B0D000F87BF4 /* Build configuration list for PBXNativeTarget "London" */;
			buildPhases = (
				3109643E2A18B0CF00F87BF4 /* Sources */,
				3109643F2A18B0CF00F87BF4 /* Frameworks */,
				310964402A18B0CF00F87BF4 /* Resources */,
			);
			buildRules = (
			);
			dependencies = (
			);
			name = London;
			productName = London;
			productReference = 310964422A18B0CF00F87BF4 /* London.app */;
			productType = "com.apple.product-type.application";
		};
/* End PBXNativeTarget section */

/* Begin PBXProject section */
		3109643A2A18B0CF00F87BF4 /* Project object */ = {
			isa = PBXProject;
			attributes = {
				BuildIndependentTargetsInParallel = 1;
				LastSwiftUpdateCheck = 1400;
				LastUpgradeCheck = 1400;
				TargetAttributes = {
					310964412A18B0CF00F87BF4 = {
						CreatedOnToolsVersion = 14.0.1;
					};
				};
			};
			buildConfigurationList = 3109643D2A18B0CF00F87BF4 /* Build configuration list for PBXProject "London" */;
			compatibilityVersion = "Xcode 14.0";
			developmentRegion = en;
			hasScannedForEncodings = 0;
			knownRegions = (
				en,
				Base,
			);
			mainGroup = 310964392A18B0CF00F87BF4;
			productRefGroup = 310964432A18B0CF00F87BF4 /* Products */;
			projectDirPath = "";
			projectRoot = "";
			targets = (
				310964412A18B0CF00F87BF4 /* London */,
			);
		};
/* End PBXProject section */

/* Begin PBXResourcesBuildPhase section */
		310964402A18B0CF00F87BF4 /* Resources */ = {
			isa = PBXResourcesBuildPhase;
			buildActionMask = 2147483647;
			files = (
				310964522A18B0D000F87BF4 /* LaunchScreen.storyboard in Resources */,
				3109644F2A18B0D000F87BF4 /* Assets.xcassets in Resources */,
			);
			runOnlyForDeploymentPostprocessing = 0;
		};
/* End PBXResourcesBuildPhase section */

/* Begin PBXSourcesBuildPhase section */
		3109643E2A18B0CF00F87BF4 /* Sources */ = {
			isa = PBXSourcesBuildPhase;
			buildActionMask = 2147483647;
			files = (
				31FD57FE2A3109D000EE3AEE /* UIViewController+Utils.swift in Sources */,
				3109645C2A18C77800F87BF4 /* LoginView.swift in Sources */,
				31AB90492A2CB96300420BB8 /* LocalState.swift in Sources */,
				31AB90462A2C9B8100420BB8 /* DummyViewController.swift in Sources */,
				3109644A2A18B0CF00F87BF4 /* LoginViewController.swift in Sources */,
				31ADA8332A2929F800F05339 /* OnboardingViewController.swift in Sources */,
				310CA4352A310F6D00CF5603 /* MainViewController.swift in Sources */,
				317FDB962A3333C200BB3918 /* AccountSummaryViewController.swift in Sources */,
				310964462A18B0CF00F87BF4 /* AppDelegate.swift in Sources */,
				31ADA8312A291D6000F05339 /* OnboardingContainerViewController.swift in Sources */,
			);
			runOnlyForDeploymentPostprocessing = 0;
		};
/* End PBXSourcesBuildPhase section */

/* Begin PBXVariantGroup section */
		310964502A18B0D000F87BF4 /* LaunchScreen.storyboard */ = {
			isa = PBXVariantGroup;
			children = (
				310964512A18B0D000F87BF4 /* Base */,
			);
			name = LaunchScreen.storyboard;
			sourceTree = "<group>";
		};
/* End PBXVariantGroup section */

/* Begin XCBuildConfiguration section */
		310964542A18B0D000F87BF4 /* Debug */ = {
			isa = XCBuildConfiguration;
			buildSettings = {
				ALWAYS_SEARCH_USER_PATHS = NO;
				CLANG_ANALYZER_NONNULL = YES;
				CLANG_ANALYZER_NUMBER_OBJECT_CONVERSION = YES_AGGRESSIVE;
				CLANG_CXX_LANGUAGE_STANDARD = "gnu++20";
				CLANG_ENABLE_MODULES = YES;
				CLANG_ENABLE_OBJC_ARC = YES;
				CLANG_ENABLE_OBJC_WEAK = YES;
				CLANG_WARN_BLOCK_CAPTURE_AUTORELEASING = YES;
				CLANG_WARN_BOOL_CONVERSION = YES;
				CLANG_WARN_COMMA = YES;
				CLANG_WARN_CONSTANT_CONVERSION = YES;
				CLANG_WARN_DEPRECATED_OBJC_IMPLEMENTATIONS = YES;
				CLANG_WARN_DIRECT_OBJC_ISA_USAGE = YES_ERROR;
				CLANG_WARN_DOCUMENTATION_COMMENTS = YES;
				CLANG_WARN_EMPTY_BODY = YES;
				CLANG_WARN_ENUM_CONVERSION = YES;
				CLANG_WARN_INFINITE_RECURSION = YES;
				CLANG_WARN_INT_CONVERSION = YES;
				CLANG_WARN_NON_LITERAL_NULL_CONVERSION = YES;
				CLANG_WARN_OBJC_IMPLICIT_RETAIN_SELF = YES;
				CLANG_WARN_OBJC_LITERAL_CONVERSION = YES;
				CLANG_WARN_OBJC_ROOT_CLASS = YES_ERROR;
				CLANG_WARN_QUOTED_INCLUDE_IN_FRAMEWORK_HEADER = YES;
				CLANG_WARN_RANGE_LOOP_ANALYSIS = YES;
				CLANG_WARN_STRICT_PROTOTYPES = YES;
				CLANG_WARN_SUSPICIOUS_MOVE = YES;
				CLANG_WARN_UNGUARDED_AVAILABILITY = YES_AGGRESSIVE;
				CLANG_WARN_UNREACHABLE_CODE = YES;
				CLANG_WARN__DUPLICATE_METHOD_MATCH = YES;
				COPY_PHASE_STRIP = NO;
				DEBUG_INFORMATION_FORMAT = dwarf;
				ENABLE_STRICT_OBJC_MSGSEND = YES;
				ENABLE_TESTABILITY = YES;
				GCC_C_LANGUAGE_STANDARD = gnu11;
				GCC_DYNAMIC_NO_PIC = NO;
				GCC_NO_COMMON_BLOCKS = YES;
				GCC_OPTIMIZATION_LEVEL = 0;
				GCC_PREPROCESSOR_DEFINITIONS = (
					"DEBUG=1",
					"$(inherited)",
				);
				GCC_WARN_64_TO_32_BIT_CONVERSION = YES;
				GCC_WARN_ABOUT_RETURN_TYPE = YES_ERROR;
				GCC_WARN_UNDECLARED_SELECTOR = YES;
				GCC_WARN_UNINITIALIZED_AUTOS = YES_AGGRESSIVE;
				GCC_WARN_UNUSED_FUNCTION = YES;
				GCC_WARN_UNUSED_VARIABLE = YES;
				IPHONEOS_DEPLOYMENT_TARGET = 16.0;
				MTL_ENABLE_DEBUG_INFO = INCLUDE_SOURCE;
				MTL_FAST_MATH = YES;
				ONLY_ACTIVE_ARCH = YES;
				SDKROOT = iphoneos;
				SWIFT_ACTIVE_COMPILATION_CONDITIONS = DEBUG;
				SWIFT_OPTIMIZATION_LEVEL = "-Onone";
			};
			name = Debug;
		};
		310964552A18B0D000F87BF4 /* Release */ = {
			isa = XCBuildConfiguration;
			buildSettings = {
				ALWAYS_SEARCH_USER_PATHS = NO;
				CLANG_ANALYZER_NONNULL = YES;
				CLANG_ANALYZER_NUMBER_OBJECT_CONVERSION = YES_AGGRESSIVE;
				CLANG_CXX_LANGUAGE_STANDARD = "gnu++20";
				CLANG_ENABLE_MODULES = YES;
				CLANG_ENABLE_OBJC_ARC = YES;
				CLANG_ENABLE_OBJC_WEAK = YES;
				CLANG_WARN_BLOCK_CAPTURE_AUTORELEASING = YES;
				CLANG_WARN_BOOL_CONVERSION = YES;
				CLANG_WARN_COMMA = YES;
				CLANG_WARN_CONSTANT_CONVERSION = YES;
				CLANG_WARN_DEPRECATED_OBJC_IMPLEMENTATIONS = YES;
				CLANG_WARN_DIRECT_OBJC_ISA_USAGE = YES_ERROR;
				CLANG_WARN_DOCUMENTATION_COMMENTS = YES;
				CLANG_WARN_EMPTY_BODY = YES;
				CLANG_WARN_ENUM_CONVERSION = YES;
				CLANG_WARN_INFINITE_RECURSION = YES;
				CLANG_WARN_INT_CONVERSION = YES;
				CLANG_WARN_NON_LITERAL_NULL_CONVERSION = YES;
				CLANG_WARN_OBJC_IMPLICIT_RETAIN_SELF = YES;
				CLANG_WARN_OBJC_LITERAL_CONVERSION = YES;
				CLANG_WARN_OBJC_ROOT_CLASS = YES_ERROR;
				CLANG_WARN_QUOTED_INCLUDE_IN_FRAMEWORK_HEADER = YES;
				CLANG_WARN_RANGE_LOOP_ANALYSIS = YES;
				CLANG_WARN_STRICT_PROTOTYPES = YES;
				CLANG_WARN_SUSPICIOUS_MOVE = YES;
				CLANG_WARN_UNGUARDED_AVAILABILITY = YES_AGGRESSIVE;
				CLANG_WARN_UNREACHABLE_CODE = YES;
				CLANG_WARN__DUPLICATE_METHOD_MATCH = YES;
				COPY_PHASE_STRIP = NO;
				DEBUG_INFORMATION_FORMAT = "dwarf-with-dsym";
				ENABLE_NS_ASSERTIONS = NO;
				ENABLE_STRICT_OBJC_MSGSEND = YES;
				GCC_C_LANGUAGE_STANDARD = gnu11;
				GCC_NO_COMMON_BLOCKS = YES;
				GCC_WARN_64_TO_32_BIT_CONVERSION = YES;
				GCC_WARN_ABOUT_RETURN_TYPE = YES_ERROR;
				GCC_WARN_UNDECLARED_SELECTOR = YES;
				GCC_WARN_UNINITIALIZED_AUTOS = YES_AGGRESSIVE;
				GCC_WARN_UNUSED_FUNCTION = YES;
				GCC_WARN_UNUSED_VARIABLE = YES;
				IPHONEOS_DEPLOYMENT_TARGET = 16.0;
				MTL_ENABLE_DEBUG_INFO = NO;
				MTL_FAST_MATH = YES;
				SDKROOT = iphoneos;
				SWIFT_COMPILATION_MODE = wholemodule;
				SWIFT_OPTIMIZATION_LEVEL = "-O";
				VALIDATE_PRODUCT = YES;
			};
			name = Release;
		};
		310964572A18B0D000F87BF4 /* Debug */ = {
			isa = XCBuildConfiguration;
			buildSettings = {
				ASSETCATALOG_COMPILER_APPICON_NAME = AppIcon;
				ASSETCATALOG_COMPILER_GLOBAL_ACCENT_COLOR_NAME = AccentColor;
				CODE_SIGN_STYLE = Automatic;
				CURRENT_PROJECT_VERSION = 1;
				DEVELOPMENT_TEAM = 333C6ALC74;
				GENERATE_INFOPLIST_FILE = YES;
				INFOPLIST_FILE = London/Info.plist;
				INFOPLIST_KEY_UIApplicationSupportsIndirectInputEvents = YES;
				INFOPLIST_KEY_UILaunchStoryboardName = LaunchScreen;
				INFOPLIST_KEY_UISupportedInterfaceOrientations_iPad = "UIInterfaceOrientationPortrait UIInterfaceOrientationPortraitUpsideDown UIInterfaceOrientationLandscapeLeft UIInterfaceOrientationLandscapeRight";
				INFOPLIST_KEY_UISupportedInterfaceOrientations_iPhone = "UIInterfaceOrientationPortrait UIInterfaceOrientationLandscapeLeft UIInterfaceOrientationLandscapeRight";
				IPHONEOS_DEPLOYMENT_TARGET = 15.0;
				LD_RUNPATH_SEARCH_PATHS = (
					"$(inherited)",
					"@executable_path/Frameworks",
				);
				MARKETING_VERSION = 1.0;
				PRODUCT_BUNDLE_IDENTIFIER = com.ugurpolat.London;
				PRODUCT_NAME = "$(TARGET_NAME)";
				SWIFT_EMIT_LOC_STRINGS = YES;
				SWIFT_VERSION = 5.0;
				TARGETED_DEVICE_FAMILY = "1,2";
			};
			name = Debug;
		};
		310964582A18B0D000F87BF4 /* Release */ = {
			isa = XCBuildConfiguration;
			buildSettings = {
				ASSETCATALOG_COMPILER_APPICON_NAME = AppIcon;
				ASSETCATALOG_COMPILER_GLOBAL_ACCENT_COLOR_NAME = AccentColor;
				CODE_SIGN_STYLE = Automatic;
				CURRENT_PROJECT_VERSION = 1;
				DEVELOPMENT_TEAM = 333C6ALC74;
				GENERATE_INFOPLIST_FILE = YES;
				INFOPLIST_FILE = London/Info.plist;
				INFOPLIST_KEY_UIApplicationSupportsIndirectInputEvents = YES;
				INFOPLIST_KEY_UILaunchStoryboardName = LaunchScreen;
				INFOPLIST_KEY_UISupportedInterfaceOrientations_iPad = "UIInterfaceOrientationPortrait UIInterfaceOrientationPortraitUpsideDown UIInterfaceOrientationLandscapeLeft UIInterfaceOrientationLandscapeRight";
				INFOPLIST_KEY_UISupportedInterfaceOrientations_iPhone = "UIInterfaceOrientationPortrait UIInterfaceOrientationLandscapeLeft UIInterfaceOrientationLandscapeRight";
				IPHONEOS_DEPLOYMENT_TARGET = 15.0;
				LD_RUNPATH_SEARCH_PATHS = (
					"$(inherited)",
					"@executable_path/Frameworks",
				);
				MARKETING_VERSION = 1.0;
				PRODUCT_BUNDLE_IDENTIFIER = com.ugurpolat.London;
				PRODUCT_NAME = "$(TARGET_NAME)";
				SWIFT_EMIT_LOC_STRINGS = YES;
				SWIFT_VERSION = 5.0;
				TARGETED_DEVICE_FAMILY = "1,2";
			};
			name = Release;
		};
/* End XCBuildConfiguration section */

/* Begin XCConfigurationList section */
		3109643D2A18B0CF00F87BF4 /* Build configuration list for PBXProject "London" */ = {
			isa = XCConfigurationList;
			buildConfigurations = (
				310964542A18B0D000F87BF4 /* Debug */,
				310964552A18B0D000F87BF4 /* Release */,
			);
			defaultConfigurationIsVisible = 0;
			defaultConfigurationName = Release;
		};
		310964562A18B0D000F87BF4 /* Build configuration list for PBXNativeTarget "London" */ = {
			isa = XCConfigurationList;
			buildConfigurations = (
				310964572A18B0D000F87BF4 /* Debug */,
				310964582A18B0D000F87BF4 /* Release */,
			);
			defaultConfigurationIsVisible = 0;
			defaultConfigurationName = Release;
		};
/* End XCConfigurationList section */
	};
	rootObject = 3109643A2A18B0CF00F87BF4 /* Project object */;
}
